
Microsoft Visual Studio Solution File, Format Version 12.00
# Visual Studio Version 16
VisualStudioVersion = 16.0.31129.286
MinimumVisualStudioVersion = 10.0.40219.1
Project("{FAE04EC0-301F-11D3-BF4B-00C04F79EFBC}") = "SalesWebMvc", "SalesWebMvc\SalesWebMvc.csproj", "{107E4CAE-494D-4164-A8A9-11CF228E609D}"
EndProject
Global
	GlobalSection(SolutionConfigurationPlatforms) = preSolution
		Debug|Any CPU = Debug|Any CPU
		Release|Any CPU = Release|Any CPU
	EndGlobalSection
	GlobalSection(ProjectConfigurationPlatforms) = postSolution
		{107E4CAE-494D-4164-A8A9-11CF228E609D}.Debug|Any CPU.ActiveCfg = Debug|Any CPU
		{107E4CAE-494D-4164-A8A9-11CF228E609D}.Debug|Any CPU.Build.0 = Debug|Any CPU
		{107E4CAE-494D-4164-A8A9-11CF228E609D}.Release|Any CPU.ActiveCfg = Release|Any CPU
		{107E4CAE-494D-4164-A8A9-11CF228E609D}.Release|Any CPU.Build.0 = Release|Any CPU
	EndGlobalSection
	GlobalSection(SolutionProperties) = preSolution
		HideSolutionNode = FALSE
	EndGlobalSection
	GlobalSection(ExtensibilityGlobals) = postSolution
		SolutionGuid = {1419A682-5B62-4E3F-9BF1-EE9AA6B13FDC}
	EndGlobalSection
EndGlobal
